
Microsoft Visual Studio Solution File, Format Version 12.00
# Visual Studio 2012
Project("{FAE04EC0-301F-11D3-BF4B-00C04F79EFBC}") = "NewRepo2", "NewRepo2\NewRepo2.csproj", "{4E70B7A7-311E-4069-B5FC-5842A28AEA4F}"
EndProject
Global
	GlobalSection(SolutionConfigurationPlatforms) = preSolution
		Debug|Any CPU = Debug|Any CPU
		Release|Any CPU = Release|Any CPU
	EndGlobalSection
	GlobalSection(ProjectConfigurationPlatforms) = postSolution
		{4E70B7A7-311E-4069-B5FC-5842A28AEA4F}.Debug|Any CPU.ActiveCfg = Debug|Any CPU
		{4E70B7A7-311E-4069-B5FC-5842A28AEA4F}.Debug|Any CPU.Build.0 = Debug|Any CPU
		{4E70B7A7-311E-4069-B5FC-5842A28AEA4F}.Release|Any CPU.ActiveCfg = Release|Any CPU
		{4E70B7A7-311E-4069-B5FC-5842A28AEA4F}.Release|Any CPU.Build.0 = Release|Any CPU
	EndGlobalSection
	GlobalSection(SolutionProperties) = preSolution
		HideSolutionNode = FALSE
	EndGlobalSection
EndGlobal
